// !$*UTF8*$!
{
	archiveVersion = 1;
	classes = {
	};
	objectVersion = 46;
	objects = {

/* Begin PBXBuildFile section */
		374907DB1ACD281B0096F4CC /* WBAudioPlayer.m in Sources */ = {isa = PBXBuildFile; fileRef = 374907DA1ACD281B0096F4CC /* WBAudioPlayer.m */; };
		378330621ACC3C6D000E2A20 /* MediaPlayer.framework in Frameworks */ = {isa = PBXBuildFile; fileRef = 378330611ACC3C6D000E2A20 /* MediaPlayer.framework */; };
		37A92EC21ACA9E2C00642BA9 /* main.m in Sources */ = {isa = PBXBuildFile; fileRef = 37A92EC11ACA9E2C00642BA9 /* main.m */; };
		37A92EC51ACA9E2C00642BA9 /* AppDelegate.m in Sources */ = {isa = PBXBuildFile; fileRef = 37A92EC41ACA9E2C00642BA9 /* AppDelegate.m */; };
		37A92EC81ACA9E2C00642BA9 /* ViewController.m in Sources */ = {isa = PBXBuildFile; fileRef = 37A92EC71ACA9E2C00642BA9 /* ViewController.m */; };
		37A92ECB1ACA9E2C00642BA9 /* Main.storyboard in Resources */ = {isa = PBXBuildFile; fileRef = 37A92EC91ACA9E2C00642BA9 /* Main.storyboard */; };
		37A92ECD1ACA9E2C00642BA9 /* Images.xcassets in Resources */ = {isa = PBXBuildFile; fileRef = 37A92ECC1ACA9E2C00642BA9 /* Images.xcassets */; };
		37A92ED01ACA9E2C00642BA9 /* LaunchScreen.xib in Resources */ = {isa = PBXBuildFile; fileRef = 37A92ECE1ACA9E2C00642BA9 /* LaunchScreen.xib */; };
		37A92EDC1ACA9E2C00642BA9 /* WBAudioPlayerTests.m in Sources */ = {isa = PBXBuildFile; fileRef = 37A92EDB1ACA9E2C00642BA9 /* WBAudioPlayerTests.m */; };
		37A92EE61ACAB24500642BA9 /* AVFoundation.framework in Frameworks */ = {isa = PBXBuildFile; fileRef = 37A92EE51ACAB24500642BA9 /* AVFoundation.framework */; };
		37D5423E1AD51BFD0085EBD3 /* test.mp3 in Resources */ = {isa = PBXBuildFile; fileRef = 37D5423D1AD51BFD0085EBD3 /* test.mp3 */; };
/* End PBXBuildFile section */

/* Begin PBXContainerItemProxy section */
		37A92ED61ACA9E2C00642BA9 /* PBXContainerItemProxy */ = {
			isa = PBXContainerItemProxy;
			containerPortal = 37A92EB41ACA9E2C00642BA9 /* Project object */;
			proxyType = 1;
			remoteGlobalIDString = 37A92EBB1ACA9E2C00642BA9;
			remoteInfo = WBAudioPlayer;
		};
/* End PBXContainerItemProxy section */

/* Begin PBXFileReference section */
		374907D91ACD281B0096F4CC /* WBAudioPlayer.h */ = {isa = PBXFileReference; fileEncoding = 4; lastKnownFileType = sourcecode.c.h; path = WBAudioPlayer.h; sourceTree = "<group>"; };
		374907DA1ACD281B0096F4CC /* WBAudioPlayer.m */ = {isa = PBXFileReference; fileEncoding = 4; lastKnownFileType = sourcecode.c.objc; path = WBAudioPlayer.m; sourceTree = "<group>"; };
		378330611ACC3C6D000E2A20 /* MediaPlayer.framework */ = {isa = PBXFileReference; lastKnownFileType = wrapper.framework; name = MediaPlayer.framework; path = System/Library/Frameworks/MediaPlayer.framework; sourceTree = SDKROOT; };
		37A92EBC1ACA9E2C00642BA9 /* WBAudioPlayer.app */ = {isa = PBXFileReference; explicitFileType = wrapper.application; includeInIndex = 0; path = WBAudioPlayer.app; sourceTree = BUILT_PRODUCTS_DIR; };
		37A92EC01ACA9E2C00642BA9 /* Info.plist */ = {isa = PBXFileReference; lastKnownFileType = text.plist.xml; path = Info.plist; sourceTree = "<group>"; };
		37A92EC11ACA9E2C00642BA9 /* main.m */ = {isa = PBXFileReference; lastKnownFileType = sourcecode.c.objc; path = main.m; sourceTree = "<group>"; };
		37A92EC31ACA9E2C00642BA9 /* AppDelegate.h */ = {isa = PBXFileReference; lastKnownFileType = sourcecode.c.h; path = AppDelegate.h; sourceTree = "<group>"; };
		37A92EC41ACA9E2C00642BA9 /* AppDelegate.m */ = {isa = PBXFileReference; lastKnownFileType = sourcecode.c.objc; path = AppDelegate.m; sourceTree = "<group>"; };
		37A92EC61ACA9E2C00642BA9 /* ViewController.h */ = {isa = PBXFileReference; lastKnownFileType = sourcecode.c.h; path = ViewController.h; sourceTree = "<group>"; };
		37A92EC71ACA9E2C00642BA9 /* ViewController.m */ = {isa = PBXFileReference; lastKnownFileType = sourcecode.c.objc; path = ViewController.m; sourceTree = "<group>"; };
		37A92ECA1ACA9E2C00642BA9 /* Base */ = {isa = PBXFileReference; lastKnownFileType = file.storyboard; name = Base; path = Base.lproj/Main.storyboard; sourceTree = "<group>"; };
		37A92ECC1ACA9E2C00642BA9 /* Images.xcassets */ = {isa = PBXFileReference; lastKnownFileType = folder.assetcatalog; path = Images.xcassets; sourceTree = "<group>"; };
		37A92ECF1ACA9E2C00642BA9 /* Base */ = {isa = PBXFileReference; lastKnownFileType = file.xib; name = Base; path = Base.lproj/LaunchScreen.xib; sourceTree = "<group>"; };
		37A92ED51ACA9E2C00642BA9 /* WBAudioPlayerTests.xctest */ = {isa = PBXFileReference; explicitFileType = wrapper.cfbundle; includeInIndex = 0; path = WBAudioPlayerTests.xctest; sourceTree = BUILT_PRODUCTS_DIR; };
		37A92EDA1ACA9E2C00642BA9 /* Info.plist */ = {isa = PBXFileReference; lastKnownFileType = text.plist.xml; path = Info.plist; sourceTree = "<group>"; };
		37A92EDB1ACA9E2C00642BA9 /* WBAudioPlayerTests.m */ = {isa = PBXFileReference; lastKnownFileType = sourcecode.c.objc; path = WBAudioPlayerTests.m; sourceTree = "<group>"; };
		37A92EE51ACAB24500642BA9 /* AVFoundation.framework */ = {isa = PBXFileReference; lastKnownFileType = wrapper.framework; name = AVFoundation.framework; path = System/Library/Frameworks/AVFoundation.framework; sourceTree = SDKROOT; };
		37D5423D1AD51BFD0085EBD3 /* test.mp3 */ = {isa = PBXFileReference; lastKnownFileType = audio.mp3; path = test.mp3; sourceTree = "<group>"; };
/* End PBXFileReference section */

/* Begin PBXFrameworksBuildPhase section */
		37A92EB91ACA9E2C00642BA9 /* Frameworks */ = {
			isa = PBXFrameworksBuildPhase;
			buildActionMask = 2147483647;
			files = (
				378330621ACC3C6D000E2A20 /* MediaPlayer.framework in Frameworks */,
				37A92EE61ACAB24500642BA9 /* AVFoundation.framework in Frameworks */,
			);
			runOnlyForDeploymentPostprocessing = 0;
		};
		37A92ED21ACA9E2C00642BA9 /* Frameworks */ = {
			isa = PBXFrameworksBuildPhase;
			buildActionMask = 2147483647;
			files = (
			);
			runOnlyForDeploymentPostprocessing = 0;
		};
/* End PBXFrameworksBuildPhase section */

/* Begin PBXGroup section */
		37A92EB31ACA9E2C00642BA9 = {
			isa = PBXGroup;
			children = (
				378330611ACC3C6D000E2A20 /* MediaPlayer.framework */,
				37A92EE51ACAB24500642BA9 /* AVFoundation.framework */,
				37A92EBE1ACA9E2C00642BA9 /* WBAudioPlayer */,
				37A92ED81ACA9E2C00642BA9 /* WBAudioPlayerTests */,
				37A92EBD1ACA9E2C00642BA9 /* Products */,
			);
			sourceTree = "<group>";
		};
		37A92EBD1ACA9E2C00642BA9 /* Products */ = {
			isa = PBXGroup;
			children = (
				37A92EBC1ACA9E2C00642BA9 /* WBAudioPlayer.app */,
				37A92ED51ACA9E2C00642BA9 /* WBAudioPlayerTests.xctest */,
			);
			name = Products;
			sourceTree = "<group>";
		};
		37A92EBE1ACA9E2C00642BA9 /* WBAudioPlayer */ = {
			isa = PBXGroup;
			children = (
				37A92EC31ACA9E2C00642BA9 /* AppDelegate.h */,
				37A92EC41ACA9E2C00642BA9 /* AppDelegate.m */,
				37A92EC61ACA9E2C00642BA9 /* ViewController.h */,
				37A92EC71ACA9E2C00642BA9 /* ViewController.m */,
				374907D91ACD281B0096F4CC /* WBAudioPlayer.h */,
				374907DA1ACD281B0096F4CC /* WBAudioPlayer.m */,
				37A92EC91ACA9E2C00642BA9 /* Main.storyboard */,
				37A92ECC1ACA9E2C00642BA9 /* Images.xcassets */,
				37A92ECE1ACA9E2C00642BA9 /* LaunchScreen.xib */,
				37A92EBF1ACA9E2C00642BA9 /* Supporting Files */,
			);
			path = WBAudioPlayer;
			sourceTree = "<group>";
		};
		37A92EBF1ACA9E2C00642BA9 /* Supporting Files */ = {
			isa = PBXGroup;
			children = (
				37D5423D1AD51BFD0085EBD3 /* test.mp3 */,
				37A92EC01ACA9E2C00642BA9 /* Info.plist */,
				37A92EC11ACA9E2C00642BA9 /* main.m */,
			);
			name = "Supporting Files";
			sourceTree = "<group>";
		};
		37A92ED81ACA9E2C00642BA9 /* WBAudioPlayerTests */ = {
			isa = PBXGroup;
			children = (
				37A92EDB1ACA9E2C00642BA9 /* WBAudioPlayerTests.m */,
				37A92ED91ACA9E2C00642BA9 /* Supporting Files */,
			);
			path = WBAudioPlayerTests;
			sourceTree = "<group>";
		};
		37A92ED91ACA9E2C00642BA9 /* Supporting Files */ = {
			isa = PBXGroup;
			children = (
				37A92EDA1ACA9E2C00642BA9 /* Info.plist */,
			);
			name = "Supporting Files";
			sourceTree = "<group>";
		};
/* End PBXGroup section */

/* Begin PBXNativeTarget section */
		37A92EBB1ACA9E2C00642BA9 /* WBAudioPlayer */ = {
			isa = PBXNativeTarget;
			buildConfigurationList = 37A92EDF1ACA9E2C00642BA9 /* Build configuration list for PBXNativeTarget "WBAudioPlayer" */;
			buildPhases = (
				37A92EB81ACA9E2C00642BA9 /* Sources */,
				37A92EB91ACA9E2C00642BA9 /* Frameworks */,
				37A92EBA1ACA9E2C00642BA9 /* Resources */,
			);
			buildRules = (
			);
			dependencies = (
			);
			name = WBAudioPlayer;
			productName = WBAudioPlayer;
			productReference = 37A92EBC1ACA9E2C00642BA9 /* WBAudioPlayer.app */;
			productType = "com.apple.product-type.application";
		};
		37A92ED41ACA9E2C00642BA9 /* WBAudioPlayerTests */ = {
			isa = PBXNativeTarget;
			buildConfigurationList = 37A92EE21ACA9E2C00642BA9 /* Build configuration list for PBXNativeTarget "WBAudioPlayerTests" */;
			buildPhases = (
				37A92ED11ACA9E2C00642BA9 /* Sources */,
				37A92ED21ACA9E2C00642BA9 /* Frameworks */,
				37A92ED31ACA9E2C00642BA9 /* Resources */,
			);
			buildRules = (
			);
			dependencies = (
				37A92ED71ACA9E2C00642BA9 /* PBXTargetDependency */,
			);
			name = WBAudioPlayerTests;
			productName = WBAudioPlayerTests;
			productReference = 37A92ED51ACA9E2C00642BA9 /* WBAudioPlayerTests.xctest */;
			productType = "com.apple.product-type.bundle.unit-test";
		};
/* End PBXNativeTarget section */

/* Begin PBXProject section */
		37A92EB41ACA9E2C00642BA9 /* Project object */ = {
			isa = PBXProject;
			attributes = {
				CLASSPREFIX = WB;
				LastUpgradeCheck = 0620;
				ORGANIZATIONNAME = Bing;
				TargetAttributes = {
					37A92EBB1ACA9E2C00642BA9 = {
						CreatedOnToolsVersion = 6.2;
					};
					37A92ED41ACA9E2C00642BA9 = {
						CreatedOnToolsVersion = 6.2;
						TestTargetID = 37A92EBB1ACA9E2C00642BA9;
					};
				};
			};
			buildConfigurationList = 37A92EB71ACA9E2C00642BA9 /* Build configuration list for PBXProject "WBAudioPlayer" */;
			compatibilityVersion = "Xcode 3.2";
			developmentRegion = English;
			hasScannedForEncodings = 0;
			knownRegions = (
				en,
				Base,
			);
			mainGroup = 37A92EB31ACA9E2C00642BA9;
			productRefGroup = 37A92EBD1ACA9E2C00642BA9 /* Products */;
			projectDirPath = "";
			projectRoot = "";
			targets = (
				37A92EBB1ACA9E2C00642BA9 /* WBAudioPlayer */,
				37A92ED41ACA9E2C00642BA9 /* WBAudioPlayerTests */,
			);
		};
/* End PBXProject section */

/* Begin PBXResourcesBuildPhase section */
		37A92EBA1ACA9E2C00642BA9 /* Resources */ = {
			isa = PBXResourcesBuildPhase;
			buildActionMask = 2147483647;
			files = (
				37D5423E1AD51BFD0085EBD3 /* test.mp3 in Resources */,
				37A92ECB1ACA9E2C00642BA9 /* Main.storyboard in Resources */,
				37A92ED01ACA9E2C00642BA9 /* LaunchScreen.xib in Resources */,
				37A92ECD1ACA9E2C00642BA9 /* Images.xcassets in Resources */,
			);
			runOnlyForDeploymentPostprocessing = 0;
		};
		37A92ED31ACA9E2C00642BA9 /* Resources */ = {
			isa = PBXResourcesBuildPhase;
			buildActionMask = 2147483647;
			files = (
			);
			runOnlyForDeploymentPostprocessing = 0;
		};
/* End PBXResourcesBuildPhase section */

/* Begin PBXSourcesBuildPhase section */
		37A92EB81ACA9E2C00642BA9 /* Sources */ = {
			isa = PBXSourcesBuildPhase;
			buildActionMask = 2147483647;
			files = (
				37A92EC81ACA9E2C00642BA9 /* ViewController.m in Sources */,
				37A92EC51ACA9E2C00642BA9 /* AppDelegate.m in Sources */,
				374907DB1ACD281B0096F4CC /* WBAudioPlayer.m in Sources */,
				37A92EC21ACA9E2C00642BA9 /* main.m in Sources */,
			);
			runOnlyForDeploymentPostprocessing = 0;
		};
		37A92ED11ACA9E2C00642BA9 /* Sources */ = {
			isa = PBXSourcesBuildPhase;
			buildActionMask = 2147483647;
			files = (
				37A92EDC1ACA9E2C00642BA9 /* WBAudioPlayerTests.m in Sources */,
			);
			runOnlyForDeploymentPostprocessing = 0;
		};
/* End PBXSourcesBuildPhase section */

/* Begin PBXTargetDependency section */
		37A92ED71ACA9E2C00642BA9 /* PBXTargetDependency */ = {
			isa = PBXTargetDependency;
			target = 37A92EBB1ACA9E2C00642BA9 /* WBAudioPlayer */;
			targetProxy = 37A92ED61ACA9E2C00642BA9 /* PBXContainerItemProxy */;
		};
/* End PBXTargetDependency section */

/* Begin PBXVariantGroup section */
		37A92EC91ACA9E2C00642BA9 /* Main.storyboard */ = {
			isa = PBXVariantGroup;
			children = (
				37A92ECA1ACA9E2C00642BA9 /* Base */,
			);
			name = Main.storyboard;
			sourceTree = "<group>";
		};
		37A92ECE1ACA9E2C00642BA9 /* LaunchScreen.xib */ = {
			isa = PBXVariantGroup;
			children = (
				37A92ECF1ACA9E2C00642BA9 /* Base */,
			);
			name = LaunchScreen.xib;
			sourceTree = "<group>";
		};
/* End PBXVariantGroup section */

/* Begin XCBuildConfiguration section */
		37A92EDD1ACA9E2C00642BA9 /* Debug */ = {
			isa = XCBuildConfiguration;
			buildSettings = {
				ALWAYS_SEARCH_USER_PATHS = NO;
				CLANG_CXX_LANGUAGE_STANDARD = "gnu++0x";
				CLANG_CXX_LIBRARY = "libc++";
				CLANG_ENABLE_MODULES = YES;
				CLANG_ENABLE_OBJC_ARC = YES;
				CLANG_WARN_BOOL_CONVERSION = YES;
				CLANG_WARN_CONSTANT_CONVERSION = YES;
				CLANG_WARN_DIRECT_OBJC_ISA_USAGE = YES_ERROR;
				CLANG_WARN_EMPTY_BODY = YES;
				CLANG_WARN_ENUM_CONVERSION = YES;
				CLANG_WARN_INT_CONVERSION = YES;
				CLANG_WARN_OBJC_ROOT_CLASS = YES_ERROR;
				CLANG_WARN_UNREACHABLE_CODE = YES;
				CLANG_WARN__DUPLICATE_METHOD_MATCH = YES;
				"CODE_SIGN_IDENTITY[sdk=iphoneos*]" = "iPhone Developer";
				COPY_PHASE_STRIP = NO;
				ENABLE_STRICT_OBJC_MSGSEND = YES;
				GCC_C_LANGUAGE_STANDARD = gnu99;
				GCC_DYNAMIC_NO_PIC = NO;
				GCC_OPTIMIZATION_LEVEL = 0;
				GCC_PREPROCESSOR_DEFINITIONS = (
					"DEBUG=1",
					"$(inherited)",
				);
				GCC_SYMBOLS_PRIVATE_EXTERN = NO;
				GCC_WARN_64_TO_32_BIT_CONVERSION = YES;
				GCC_WARN_ABOUT_RETURN_TYPE = YES_ERROR;
				GCC_WARN_UNDECLARED_SELECTOR = YES;
				GCC_WARN_UNINITIALIZED_AUTOS = YES_AGGRESSIVE;
				GCC_WARN_UNUSED_FUNCTION = YES;
				GCC_WARN_UNUSED_VARIABLE = YES;
				IPHONEOS_DEPLOYMENT_TARGET = 8.2;
				MTL_ENABLE_DEBUG_INFO = YES;
				ONLY_ACTIVE_ARCH = YES;
				SDKROOT = iphoneos;
			};
			name = Debug;
		};
		37A92EDE1ACA9E2C00642BA9 /* Release */ = {
			isa = XCBuildConfiguration;
			buildSettings = {
				ALWAYS_SEARCH_USER_PATHS = NO;
				CLANG_CXX_LANGUAGE_STANDARD = "gnu++0x";
				CLANG_CXX_LIBRARY = "libc++";
				CLANG_ENABLE_MODULES = YES;
				CLANG_ENABLE_OBJC_ARC = YES;
				CLANG_WARN_BOOL_CONVERSION = YES;
				CLANG_WARN_CONSTANT_CONVERSION = YES;
				CLANG_WARN_DIRECT_OBJC_ISA_USAGE = YES_ERROR;
				CLANG_WARN_EMPTY_BODY = YES;
				CLANG_WARN_ENUM_CONVERSION = YES;
				CLANG_WARN_INT_CONVERSION = YES;
				CLANG_WARN_OBJC_ROOT_CLASS = YES_ERROR;
				CLANG_WARN_UNREACHABLE_CODE = YES;
				CLANG_WARN__DUPLICATE_METHOD_MATCH = YES;
				"CODE_SIGN_IDENTITY[sdk=iphoneos*]" = "iPhone Developer";
				COPY_PHASE_STRIP = NO;
				ENABLE_NS_ASSERTIONS = NO;
				ENABLE_STRICT_OBJC_MSGSEND = YES;
				GCC_C_LANGUAGE_STANDARD = gnu99;
				GCC_WARN_64_TO_32_BIT_CONVERSION = YES;
				GCC_WARN_ABOUT_RETURN_TYPE = YES_ERROR;
				GCC_WARN_UNDECLARED_SELECTOR = YES;
				GCC_WARN_UNINITIALIZED_AUTOS = YES_AGGRESSIVE;
				GCC_WARN_UNUSED_FUNCTION = YES;
				GCC_WARN_UNUSED_VARIABLE = YES;
				IPHONEOS_DEPLOYMENT_TARGET = 8.2;
				MTL_ENABLE_DEBUG_INFO = NO;
				SDKROOT = iphoneos;
				VALIDATE_PRODUCT = YES;
			};
			name = Release;
		};
		37A92EE01ACA9E2C00642BA9 /* Debug */ = {
			isa = XCBuildConfiguration;
			buildSettings = {
				ASSETCATALOG_COMPILER_APPICON_NAME = AppIcon;
				CODE_SIGN_IDENTITY = "iPhone Developer: san zhang (6K4A4SC378)";
				INFOPLIST_FILE = WBAudioPlayer/Info.plist;
				LD_RUNPATH_SEARCH_PATHS = "$(inherited) @executable_path/Frameworks";
				PRODUCT_NAME = "$(TARGET_NAME)";
				PROVISIONING_PROFILE = "9417087b-996e-4565-8ea4-8d46265d1b44";
			};
			name = Debug;
		};
		37A92EE11ACA9E2C00642BA9 /* Release */ = {
			isa = XCBuildConfiguration;
			buildSettings = {
				ASSETCATALOG_COMPILER_APPICON_NAME = AppIcon;
				CODE_SIGN_IDENTITY = "iPhone Developer: san zhang (6K4A4SC378)";
				"CODE_SIGN_IDENTITY[sdk=iphoneos*]" = "iPhone Developer: san zhang (6K4A4SC378)";
				INFOPLIST_FILE = WBAudioPlayer/Info.plist;
				LD_RUNPATH_SEARCH_PATHS = "$(inherited) @executable_path/Frameworks";
				PRODUCT_NAME = "$(TARGET_NAME)";
				PROVISIONING_PROFILE = "9417087b-996e-4565-8ea4-8d46265d1b44";
			};
			name = Release;
		};
		37A92EE31ACA9E2C00642BA9 /* Debug */ = {
			isa = XCBuildConfiguration;
			buildSettings = {
				BUNDLE_LOADER = "$(TEST_HOST)";
				FRAMEWORK_SEARCH_PATHS = (
					"$(SDKROOT)/Developer/Library/Frameworks",
					"$(inherited)",
				);
				GCC_PREPROCESSOR_DEFINITIONS = (
					"DEBUG=1",
					"$(inherited)",
				);
				INFOPLIST_FILE = WBAudioPlayerTests/Info.plist;
				LD_RUNPATH_SEARCH_PATHS = "$(inherited) @executable_path/Frameworks @loader_path/Frameworks";
				PRODUCT_NAME = "$(TARGET_NAME)";
				TEST_HOST = "$(BUILT_PRODUCTS_DIR)/WBAudioPlayer.app/WBAudioPlayer";
			};
			name = Debug;
		};
		37A92EE41ACA9E2C00642BA9 /* Release */ = {
			isa = XCBuildConfiguration;
			buildSettings = {
				BUNDLE_LOADER = "$(TEST_HOST)";
				FRAMEWORK_SEARCH_PATHS = (
					"$(SDKROOT)/Developer/Library/Frameworks",
					"$(inherited)",
				);
				INFOPLIST_FILE = WBAudioPlayerTests/Info.plist;
				LD_RUNPATH_SEARCH_PATHS = "$(inherited) @executable_path/Frameworks @loader_path/Frameworks";
				PRODUCT_NAME = "$(TARGET_NAME)";
				TEST_HOST = "$(BUILT_PRODUCTS_DIR)/WBAudioPlayer.app/WBAudioPlayer";
			};
			name = Release;
		};
/* End XCBuildConfiguration section */

/* Begin XCConfigurationList section */
		37A92EB71ACA9E2C00642BA9 /* Build configuration list for PBXProject "WBAudioPlayer" */ = {
			isa = XCConfigurationList;
			buildConfigurations = (
				37A92EDD1ACA9E2C00642BA9 /* Debug */,
				37A92EDE1ACA9E2C00642BA9 /* Release */,
			);
			defaultConfigurationIsVisible = 0;
			defaultConfigurationName = Release;
		};
		37A92EDF1ACA9E2C00642BA9 /* Build configuration list for PBXNativeTarget "WBAudioPlayer" */ = {
			isa = XCConfigurationList;
			buildConfigurations = (
				37A92EE01ACA9E2C00642BA9 /* Debug */,
				37A92EE11ACA9E2C00642BA9 /* Release */,
			);
			defaultConfigurationIsVisible = 0;
			defaultConfigurationName = Release;
		};
		37A92EE21ACA9E2C00642BA9 /* Build configuration list for PBXNativeTarget "WBAudioPlayerTests" */ = {
			isa = XCConfigurationList;
			buildConfigurations = (
				37A92EE31ACA9E2C00642BA9 /* Debug */,
				37A92EE41ACA9E2C00642BA9 /* Release */,
			);
			defaultConfigurationIsVisible = 0;
			defaultConfigurationName = Release;
		};
/* End XCConfigurationList section */
	};
	rootObject = 37A92EB41ACA9E2C00642BA9 /* Project object */;
}
